// !$*UTF8*$!
{
	archiveVersion = 1;
	classes = {
	};
	objectVersion = 50;
	objects = {

/* Begin PBXBuildFile section */
		32613C2823714BD200669DB4 /* StudentLocation.swift in Sources */ = {isa = PBXBuildFile; fileRef = 32613C2723714BD200669DB4 /* StudentLocation.swift */; };
		32613C2A23714DC000669DB4 /* APIConstants.swift in Sources */ = {isa = PBXBuildFile; fileRef = 32613C2923714DC000669DB4 /* APIConstants.swift */; };
		32613C2D2373429D00669DB4 /* MapViewController.swift in Sources */ = {isa = PBXBuildFile; fileRef = 32613C2C2373429D00669DB4 /* MapViewController.swift */; };
		32CE7EE2236AC3B000F5F78E /* AppDelegate.swift in Sources */ = {isa = PBXBuildFile; fileRef = 32CE7EE1236AC3B000F5F78E /* AppDelegate.swift */; };
		32CE7EE4236AC3B000F5F78E /* SceneDelegate.swift in Sources */ = {isa = PBXBuildFile; fileRef = 32CE7EE3236AC3B000F5F78E /* SceneDelegate.swift */; };
		32CE7EE6236AC3B000F5F78E /* LoginViewController.swift in Sources */ = {isa = PBXBuildFile; fileRef = 32CE7EE5236AC3B000F5F78E /* LoginViewController.swift */; };
		32CE7EE9236AC3B000F5F78E /* Main.storyboard in Resources */ = {isa = PBXBuildFile; fileRef = 32CE7EE7236AC3B000F5F78E /* Main.storyboard */; };
		32CE7EEB236AC3B400F5F78E /* Assets.xcassets in Resources */ = {isa = PBXBuildFile; fileRef = 32CE7EEA236AC3B400F5F78E /* Assets.xcassets */; };
		32CE7EEE236AC3B400F5F78E /* LaunchScreen.storyboard in Resources */ = {isa = PBXBuildFile; fileRef = 32CE7EEC236AC3B400F5F78E /* LaunchScreen.storyboard */; };
		32DD87F82383CDD400F7D03E /* ContainerViewController.swift in Sources */ = {isa = PBXBuildFile; fileRef = 32DD87F72383CDD400F7D03E /* ContainerViewController.swift */; };
		32F44F5C23767BF50068DD14 /* TableViewController.swift in Sources */ = {isa = PBXBuildFile; fileRef = 32F44F5B23767BF40068DD14 /* TableViewController.swift */; };
		32F44F5E23767ED20068DD14 /* StudentLocationCell.swift in Sources */ = {isa = PBXBuildFile; fileRef = 32F44F5D23767ED20068DD14 /* StudentLocationCell.swift */; };
		32F44F602376901E0068DD14 /* addLoctionViewcontroller.swift in Sources */ = {isa = PBXBuildFile; fileRef = 32F44F5F2376901E0068DD14 /* addLoctionViewcontroller.swift */; };
		32F44F622377DDC70068DD14 /* UserInfo.swift in Sources */ = {isa = PBXBuildFile; fileRef = 32F44F612377DDC70068DD14 /* UserInfo.swift */; };
		32F44F6423792A3E0068DD14 /* API.swift in Sources */ = {isa = PBXBuildFile; fileRef = 32F44F6323792A3E0068DD14 /* API.swift */; };
		32F44F6623792B0E0068DD14 /* LocationsData.swift in Sources */ = {isa = PBXBuildFile; fileRef = 32F44F6523792B0E0068DD14 /* LocationsData.swift */; };
		32F44F6923793C3C0068DD14 /* Helper.swift in Sources */ = {isa = PBXBuildFile; fileRef = 32F44F6823793C3C0068DD14 /* Helper.swift */; };
		32F44F6B2379B1E90068DD14 /* ConfirmLocationViewController.swift in Sources */ = {isa = PBXBuildFile; fileRef = 32F44F6A2379B1E90068DD14 /* ConfirmLocationViewController.swift */; };
/* End PBXBuildFile section */

/* Begin PBXFileReference section */
		32613C2723714BD200669DB4 /* StudentLocation.swift */ = {isa = PBXFileReference; lastKnownFileType = sourcecode.swift; path = StudentLocation.swift; sourceTree = "<group>"; };
		32613C2923714DC000669DB4 /* APIConstants.swift */ = {isa = PBXFileReference; lastKnownFileType = sourcecode.swift; path = APIConstants.swift; sourceTree = "<group>"; };
		32613C2C2373429D00669DB4 /* MapViewController.swift */ = {isa = PBXFileReference; lastKnownFileType = sourcecode.swift; path = MapViewController.swift; sourceTree = "<group>"; };
		32CE7EDE236AC3B000F5F78E /* On_the_Map.app */ = {isa = PBXFileReference; explicitFileType = wrapper.application; includeInIndex = 0; path = On_the_Map.app; sourceTree = BUILT_PRODUCTS_DIR; };
		32CE7EE1236AC3B000F5F78E /* AppDelegate.swift */ = {isa = PBXFileReference; lastKnownFileType = sourcecode.swift; path = AppDelegate.swift; sourceTree = "<group>"; };
		32CE7EE3236AC3B000F5F78E /* SceneDelegate.swift */ = {isa = PBXFileReference; lastKnownFileType = sourcecode.swift; path = SceneDelegate.swift; sourceTree = "<group>"; };
		32CE7EE5236AC3B000F5F78E /* LoginViewController.swift */ = {isa = PBXFileReference; lastKnownFileType = sourcecode.swift; path = LoginViewController.swift; sourceTree = "<group>"; };
		32CE7EE8236AC3B000F5F78E /* Base */ = {isa = PBXFileReference; lastKnownFileType = file.storyboard; name = Base; path = Base.lproj/Main.storyboard; sourceTree = "<group>"; };
		32CE7EEA236AC3B400F5F78E /* Assets.xcassets */ = {isa = PBXFileReference; lastKnownFileType = folder.assetcatalog; path = Assets.xcassets; sourceTree = "<group>"; };
		32CE7EED236AC3B400F5F78E /* Base */ = {isa = PBXFileReference; lastKnownFileType = file.storyboard; name = Base; path = Base.lproj/LaunchScreen.storyboard; sourceTree = "<group>"; };
		32CE7EEF236AC3B400F5F78E /* Info.plist */ = {isa = PBXFileReference; lastKnownFileType = text.plist.xml; path = Info.plist; sourceTree = "<group>"; };
		32DD87F72383CDD400F7D03E /* ContainerViewController.swift */ = {isa = PBXFileReference; lastKnownFileType = sourcecode.swift; path = ContainerViewController.swift; sourceTree = "<group>"; };
		32F44F5B23767BF40068DD14 /* TableViewController.swift */ = {isa = PBXFileReference; lastKnownFileType = sourcecode.swift; path = TableViewController.swift; sourceTree = "<group>"; };
		32F44F5D23767ED20068DD14 /* StudentLocationCell.swift */ = {isa = PBXFileReference; lastKnownFileType = sourcecode.swift; path = StudentLocationCell.swift; sourceTree = "<group>"; };
		32F44F5F2376901E0068DD14 /* addLoctionViewcontroller.swift */ = {isa = PBXFileReference; lastKnownFileType = sourcecode.swift; path = addLoctionViewcontroller.swift; sourceTree = "<group>"; };
		32F44F612377DDC70068DD14 /* UserInfo.swift */ = {isa = PBXFileReference; lastKnownFileType = sourcecode.swift; path = UserInfo.swift; sourceTree = "<group>"; };
		32F44F6323792A3E0068DD14 /* API.swift */ = {isa = PBXFileReference; lastKnownFileType = sourcecode.swift; path = API.swift; sourceTree = "<group>"; };
		32F44F6523792B0E0068DD14 /* LocationsData.swift */ = {isa = PBXFileReference; lastKnownFileType = sourcecode.swift; path = LocationsData.swift; sourceTree = "<group>"; };
		32F44F6823793C3C0068DD14 /* Helper.swift */ = {isa = PBXFileReference; lastKnownFileType = sourcecode.swift; path = Helper.swift; sourceTree = "<group>"; };
		32F44F6A2379B1E90068DD14 /* ConfirmLocationViewController.swift */ = {isa = PBXFileReference; lastKnownFileType = sourcecode.swift; path = ConfirmLocationViewController.swift; sourceTree = "<group>"; };
/* End PBXFileReference section */

/* Begin PBXFrameworksBuildPhase section */
		32CE7EDB236AC3B000F5F78E /* Frameworks */ = {
			isa = PBXFrameworksBuildPhase;
			buildActionMask = 2147483647;
			files = (
			);
			runOnlyForDeploymentPostprocessing = 0;
		};
/* End PBXFrameworksBuildPhase section */

/* Begin PBXGroup section */
		32613C2B2371502600669DB4 /* Controller */ = {
			isa = PBXGroup;
			children = (
				32CE7EE5236AC3B000F5F78E /* LoginViewController.swift */,
				32DD87F72383CDD400F7D03E /* ContainerViewController.swift */,
				32613C2C2373429D00669DB4 /* MapViewController.swift */,
				32F44F5B23767BF40068DD14 /* TableViewController.swift */,
				32F44F5D23767ED20068DD14 /* StudentLocationCell.swift */,
				32F44F5F2376901E0068DD14 /* addLoctionViewcontroller.swift */,
				32F44F6A2379B1E90068DD14 /* ConfirmLocationViewController.swift */,
			);
			path = Controller;
			sourceTree = "<group>";
		};
		32CE7ED5236AC3B000F5F78E = {
			isa = PBXGroup;
			children = (
				32CE7EE0236AC3B000F5F78E /* On_the_Map */,
				32CE7EDF236AC3B000F5F78E /* Products */,
			);
			sourceTree = "<group>";
		};
		32CE7EDF236AC3B000F5F78E /* Products */ = {
			isa = PBXGroup;
			children = (
				32CE7EDE236AC3B000F5F78E /* On_the_Map.app */,
			);
			name = Products;
			sourceTree = "<group>";
		};
		32CE7EE0236AC3B000F5F78E /* On_the_Map */ = {
			isa = PBXGroup;
			children = (
				32CE7EE1236AC3B000F5F78E /* AppDelegate.swift */,
				32CE7EE3236AC3B000F5F78E /* SceneDelegate.swift */,
				32F44F6723792B5B0068DD14 /* Model */,
				32613C2B2371502600669DB4 /* Controller */,
				32CE7EE7236AC3B000F5F78E /* Main.storyboard */,
				32CE7EEA236AC3B400F5F78E /* Assets.xcassets */,
				32CE7EEC236AC3B400F5F78E /* LaunchScreen.storyboard */,
				32CE7EEF236AC3B400F5F78E /* Info.plist */,
			);
			path = On_the_Map;
			sourceTree = "<group>";
		};
		32F44F6723792B5B0068DD14 /* Model */ = {
			isa = PBXGroup;
			children = (
				32F44F6523792B0E0068DD14 /* LocationsData.swift */,
				32613C2723714BD200669DB4 /* StudentLocation.swift */,
				32F44F612377DDC70068DD14 /* UserInfo.swift */,
				32613C2923714DC000669DB4 /* APIConstants.swift */,
				32F44F6823793C3C0068DD14 /* Helper.swift */,
				32F44F6323792A3E0068DD14 /* API.swift */,
			);
			path = Model;
			sourceTree = "<group>";
		};
/* End PBXGroup section */

/* Begin PBXNativeTarget section */
		32CE7EDD236AC3B000F5F78E /* On_the_Map */ = {
			isa = PBXNativeTarget;
			buildConfigurationList = 32CE7EF2236AC3B400F5F78E /* Build configuration list for PBXNativeTarget "On_the_Map" */;
			buildPhases = (
				32CE7EDA236AC3B000F5F78E /* Sources */,
				32CE7EDB236AC3B000F5F78E /* Frameworks */,
				32CE7EDC236AC3B000F5F78E /* Resources */,
			);
			buildRules = (
			);
			dependencies = (
			);
			name = On_the_Map;
			productName = On_the_Map;
			productReference = 32CE7EDE236AC3B000F5F78E /* On_the_Map.app */;
			productType = "com.apple.product-type.application";
		};
/* End PBXNativeTarget section */

/* Begin PBXProject section */
		32CE7ED6236AC3B000F5F78E /* Project object */ = {
			isa = PBXProject;
			attributes = {
				LastSwiftUpdateCheck = 1110;
				LastUpgradeCheck = 1110;
				ORGANIZATIONNAME = "Hajar F";
				TargetAttributes = {
					32CE7EDD236AC3B000F5F78E = {
						CreatedOnToolsVersion = 11.1;
					};
				};
			};
			buildConfigurationList = 32CE7ED9236AC3B000F5F78E /* Build configuration list for PBXProject "On_the_Map" */;
			compatibilityVersion = "Xcode 9.3";
			developmentRegion = en;
			hasScannedForEncodings = 0;
			knownRegions = (
				en,
				Base,
			);
			mainGroup = 32CE7ED5236AC3B000F5F78E;
			productRefGroup = 32CE7EDF236AC3B000F5F78E /* Products */;
			projectDirPath = "";
			projectRoot = "";
			targets = (
				32CE7EDD236AC3B000F5F78E /* On_the_Map */,
			);
		};
/* End PBXProject section */

/* Begin PBXResourcesBuildPhase section */
		32CE7EDC236AC3B000F5F78E /* Resources */ = {
			isa = PBXResourcesBuildPhase;
			buildActionMask = 2147483647;
			files = (
				32CE7EEE236AC3B400F5F78E /* LaunchScreen.storyboard in Resources */,
				32CE7EEB236AC3B400F5F78E /* Assets.xcassets in Resources */,
				32CE7EE9236AC3B000F5F78E /* Main.storyboard in Resources */,
			);
			runOnlyForDeploymentPostprocessing = 0;
		};
/* End PBXResourcesBuildPhase section */

/* Begin PBXSourcesBuildPhase section */
		32CE7EDA236AC3B000F5F78E /* Sources */ = {
			isa = PBXSourcesBuildPhase;
			buildActionMask = 2147483647;
			files = (
				32F44F6423792A3E0068DD14 /* API.swift in Sources */,
				32CE7EE6236AC3B000F5F78E /* LoginViewController.swift in Sources */,
				32F44F5C23767BF50068DD14 /* TableViewController.swift in Sources */,
				32613C2D2373429D00669DB4 /* MapViewController.swift in Sources */,
				32F44F6B2379B1E90068DD14 /* ConfirmLocationViewController.swift in Sources */,
				32613C2A23714DC000669DB4 /* APIConstants.swift in Sources */,
				32F44F602376901E0068DD14 /* addLoctionViewcontroller.swift in Sources */,
				32DD87F82383CDD400F7D03E /* ContainerViewController.swift in Sources */,
				32F44F5E23767ED20068DD14 /* StudentLocationCell.swift in Sources */,
				32CE7EE2236AC3B000F5F78E /* AppDelegate.swift in Sources */,
				32F44F6623792B0E0068DD14 /* LocationsData.swift in Sources */,
				32613C2823714BD200669DB4 /* StudentLocation.swift in Sources */,
				32F44F6923793C3C0068DD14 /* Helper.swift in Sources */,
				32F44F622377DDC70068DD14 /* UserInfo.swift in Sources */,
				32CE7EE4236AC3B000F5F78E /* SceneDelegate.swift in Sources */,
			);
			runOnlyForDeploymentPostprocessing = 0;
		};
/* End PBXSourcesBuildPhase section */

/* Begin PBXVariantGroup section */
		32CE7EE7236AC3B000F5F78E /* Main.storyboard */ = {
			isa = PBXVariantGroup;
			children = (
				32CE7EE8236AC3B000F5F78E /* Base */,
			);
			name = Main.storyboard;
			sourceTree = "<group>";
		};
		32CE7EEC236AC3B400F5F78E /* LaunchScreen.storyboard */ = {
			isa = PBXVariantGroup;
			children = (
				32CE7EED236AC3B400F5F78E /* Base */,
			);
			name = LaunchScreen.storyboard;
			sourceTree = "<group>";
		};
/* End PBXVariantGroup section */

/* Begin XCBuildConfiguration section */
		32CE7EF0236AC3B400F5F78E /* Debug */ = {
			isa = XCBuildConfiguration;
			buildSettings = {
				ALWAYS_SEARCH_USER_PATHS = NO;
				CLANG_ANALYZER_NONNULL = YES;
				CLANG_ANALYZER_NUMBER_OBJECT_CONVERSION = YES_AGGRESSIVE;
				CLANG_CXX_LANGUAGE_STANDARD = "gnu++14";
				CLANG_CXX_LIBRARY = "libc++";
				CLANG_ENABLE_MODULES = YES;
				CLANG_ENABLE_OBJC_ARC = YES;
				CLANG_ENABLE_OBJC_WEAK = YES;
				CLANG_WARN_BLOCK_CAPTURE_AUTORELEASING = YES;
				CLANG_WARN_BOOL_CONVERSION = YES;
				CLANG_WARN_COMMA = YES;
				CLANG_WARN_CONSTANT_CONVERSION = YES;
				CLANG_WARN_DEPRECATED_OBJC_IMPLEMENTATIONS = YES;
				CLANG_WARN_DIRECT_OBJC_ISA_USAGE = YES_ERROR;
				CLANG_WARN_DOCUMENTATION_COMMENTS = YES;
				CLANG_WARN_EMPTY_BODY = YES;
				CLANG_WARN_ENUM_CONVERSION = YES;
				CLANG_WARN_INFINITE_RECURSION = YES;
				CLANG_WARN_INT_CONVERSION = YES;
				CLANG_WARN_NON_LITERAL_NULL_CONVERSION = YES;
				CLANG_WARN_OBJC_IMPLICIT_RETAIN_SELF = YES;
				CLANG_WARN_OBJC_LITERAL_CONVERSION = YES;
				CLANG_WARN_OBJC_ROOT_CLASS = YES_ERROR;
				CLANG_WARN_RANGE_LOOP_ANALYSIS = YES;
				CLANG_WARN_STRICT_PROTOTYPES = YES;
				CLANG_WARN_SUSPICIOUS_MOVE = YES;
				CLANG_WARN_UNGUARDED_AVAILABILITY = YES_AGGRESSIVE;
				CLANG_WARN_UNREACHABLE_CODE = YES;
				CLANG_WARN__DUPLICATE_METHOD_MATCH = YES;
				COPY_PHASE_STRIP = NO;
				DEBUG_INFORMATION_FORMAT = dwarf;
				ENABLE_STRICT_OBJC_MSGSEND = YES;
				ENABLE_TESTABILITY = YES;
				GCC_C_LANGUAGE_STANDARD = gnu11;
				GCC_DYNAMIC_NO_PIC = NO;
				GCC_NO_COMMON_BLOCKS = YES;
				GCC_OPTIMIZATION_LEVEL = 0;
				GCC_PREPROCESSOR_DEFINITIONS = (
					"DEBUG=1",
					"$(inherited)",
				);
				GCC_WARN_64_TO_32_BIT_CONVERSION = YES;
				GCC_WARN_ABOUT_RETURN_TYPE = YES_ERROR;
				GCC_WARN_UNDECLARED_SELECTOR = YES;
				GCC_WARN_UNINITIALIZED_AUTOS = YES_AGGRESSIVE;
				GCC_WARN_UNUSED_FUNCTION = YES;
				GCC_WARN_UNUSED_VARIABLE = YES;
				IPHONEOS_DEPLOYMENT_TARGET = 13.1;
				MTL_ENABLE_DEBUG_INFO = INCLUDE_SOURCE;
				MTL_FAST_MATH = YES;
				ONLY_ACTIVE_ARCH = YES;
				SDKROOT = iphoneos;
				SWIFT_ACTIVE_COMPILATION_CONDITIONS = DEBUG;
				SWIFT_OPTIMIZATION_LEVEL = "-Onone";
			};
			name = Debug;
		};
		32CE7EF1236AC3B400F5F78E /* Release */ = {
			isa = XCBuildConfiguration;
			buildSettings = {
				ALWAYS_SEARCH_USER_PATHS = NO;
				CLANG_ANALYZER_NONNULL = YES;
				CLANG_ANALYZER_NUMBER_OBJECT_CONVERSION = YES_AGGRESSIVE;
				CLANG_CXX_LANGUAGE_STANDARD = "gnu++14";
				CLANG_CXX_LIBRARY = "libc++";
				CLANG_ENABLE_MODULES = YES;
				CLANG_ENABLE_OBJC_ARC = YES;
				CLANG_ENABLE_OBJC_WEAK = YES;
				CLANG_WARN_BLOCK_CAPTURE_AUTORELEASING = YES;
				CLANG_WARN_BOOL_CONVERSION = YES;
				CLANG_WARN_COMMA = YES;
				CLANG_WARN_CONSTANT_CONVERSION = YES;
				CLANG_WARN_DEPRECATED_OBJC_IMPLEMENTATIONS = YES;
				CLANG_WARN_DIRECT_OBJC_ISA_USAGE = YES_ERROR;
				CLANG_WARN_DOCUMENTATION_COMMENTS = YES;
				CLANG_WARN_EMPTY_BODY = YES;
				CLANG_WARN_ENUM_CONVERSION = YES;
				CLANG_WARN_INFINITE_RECURSION = YES;
				CLANG_WARN_INT_CONVERSION = YES;
				CLANG_WARN_NON_LITERAL_NULL_CONVERSION = YES;
				CLANG_WARN_OBJC_IMPLICIT_RETAIN_SELF = YES;
				CLANG_WARN_OBJC_LITERAL_CONVERSION = YES;
				CLANG_WARN_OBJC_ROOT_CLASS = YES_ERROR;
				CLANG_WARN_RANGE_LOOP_ANALYSIS = YES;
				CLANG_WARN_STRICT_PROTOTYPES = YES;
				CLANG_WARN_SUSPICIOUS_MOVE = YES;
				CLANG_WARN_UNGUARDED_AVAILABILITY = YES_AGGRESSIVE;
				CLANG_WARN_UNREACHABLE_CODE = YES;
				CLANG_WARN__DUPLICATE_METHOD_MATCH = YES;
				COPY_PHASE_STRIP = NO;
				DEBUG_INFORMATION_FORMAT = "dwarf-with-dsym";
				ENABLE_NS_ASSERTIONS = NO;
				ENABLE_STRICT_OBJC_MSGSEND = YES;
				GCC_C_LANGUAGE_STANDARD = gnu11;
				GCC_NO_COMMON_BLOCKS = YES;
				GCC_WARN_64_TO_32_BIT_CONVERSION = YES;
				GCC_WARN_ABOUT_RETURN_TYPE = YES_ERROR;
				GCC_WARN_UNDECLARED_SELECTOR = YES;
				GCC_WARN_UNINITIALIZED_AUTOS = YES_AGGRESSIVE;
				GCC_WARN_UNUSED_FUNCTION = YES;
				GCC_WARN_UNUSED_VARIABLE = YES;
				IPHONEOS_DEPLOYMENT_TARGET = 13.1;
				MTL_ENABLE_DEBUG_INFO = NO;
				MTL_FAST_MATH = YES;
				SDKROOT = iphoneos;
				SWIFT_COMPILATION_MODE = wholemodule;
				SWIFT_OPTIMIZATION_LEVEL = "-O";
				VALIDATE_PRODUCT = YES;
			};
			name = Release;
		};
		32CE7EF3236AC3B400F5F78E /* Debug */ = {
			isa = XCBuildConfiguration;
			buildSettings = {
				ASSETCATALOG_COMPILER_APPICON_NAME = AppIcon;
				CODE_SIGN_STYLE = Automatic;
				INFOPLIST_FILE = On_the_Map/Info.plist;
				LD_RUNPATH_SEARCH_PATHS = (
					"$(inherited)",
					"@executable_path/Frameworks",
				);
				PRODUCT_BUNDLE_IDENTIFIER = "t.com.On-the-Map";
				PRODUCT_NAME = "$(TARGET_NAME)";
				SWIFT_VERSION = 5.0;
				TARGETED_DEVICE_FAMILY = "1,2";
			};
			name = Debug;
		};
		32CE7EF4236AC3B400F5F78E /* Release */ = {
			isa = XCBuildConfiguration;
			buildSettings = {
				ASSETCATALOG_COMPILER_APPICON_NAME = AppIcon;
				CODE_SIGN_STYLE = Automatic;
				INFOPLIST_FILE = On_the_Map/Info.plist;
				LD_RUNPATH_SEARCH_PATHS = (
					"$(inherited)",
					"@executable_path/Frameworks",
				);
				PRODUCT_BUNDLE_IDENTIFIER = "t.com.On-the-Map";
				PRODUCT_NAME = "$(TARGET_NAME)";
				SWIFT_VERSION = 5.0;
				TARGETED_DEVICE_FAMILY = "1,2";
			};
			name = Release;
		};
/* End XCBuildConfiguration section */

/* Begin XCConfigurationList section */
		32CE7ED9236AC3B000F5F78E /* Build configuration list for PBXProject "On_the_Map" */ = {
			isa = XCConfigurationList;
			buildConfigurations = (
				32CE7EF0236AC3B400F5F78E /* Debug */,
				32CE7EF1236AC3B400F5F78E /* Release */,
			);
			defaultConfigurationIsVisible = 0;
			defaultConfigurationName = Release;
		};
		32CE7EF2236AC3B400F5F78E /* Build configuration list for PBXNativeTarget "On_the_Map" */ = {
			isa = XCConfigurationList;
			buildConfigurations = (
				32CE7EF3236AC3B400F5F78E /* Debug */,
				32CE7EF4236AC3B400F5F78E /* Release */,
			);
			defaultConfigurationIsVisible = 0;
			defaultConfigurationName = Release;
		};
/* End XCConfigurationList section */
	};
	rootObject = 32CE7ED6236AC3B000F5F78E /* Project object */;
}
